Microsoft Visual Studio Solution File, Format Version 12.00
# Visual Studio Version 17
VisualStudioVersion = 17.5.2.0
MinimumVisualStudioVersion = 10.0.40219.1
Project("{FAE04EC0-301F-11D3-BF4B-00C04F79EFBC}") = "MyTemplateUI", "iu\MyTemplateUI.csproj", "{E2407975-0B47-7DCF-2937-4E718B2C4521}"
EndProject
Global
	GlobalSection(SolutionConfigurationPlatforms) = preSolution
		Debug|Any CPU = Debug|Any CPU
		Release|Any CPU = Release|Any CPU
	EndGlobalSection
	GlobalSection(ProjectConfigurationPlatforms) = postSolution
		{E2407975-0B47-7DCF-2937-4E718B2C4521}.Debug|Any CPU.ActiveCfg = Debug|Any CPU
		{E2407975-0B47-7DCF-2937-4E718B2C4521}.Debug|Any CPU.Build.0 = Debug|Any CPU
		{E2407975-0B47-7DCF-2937-4E718B2C4521}.Release|Any CPU.ActiveCfg = Release|Any CPU
		{E2407975-0B47-7DCF-2937-4E718B2C4521}.Release|Any CPU.Build.0 = Release|Any CPU
	EndGlobalSection
	GlobalSection(SolutionProperties) = preSolution
		HideSolutionNode = FALSE
	EndGlobalSection
	GlobalSection(ExtensibilityGlobals) = postSolution
		SolutionGuid = {EA59F8B9-6952-487E-814F-AB912BF94629}
	EndGlobalSection
EndGlobal
